
Microsoft Visual Studio Solution File, Format Version 12.00
# Visual Studio Version 17
VisualStudioVersion = 17.9.34902.65
MinimumVisualStudioVersion = 10.0.40219.1
Project("{9A19103F-16F7-4668-BE54-9A1E7A4F7556}") = "Mnogougolniki", "Mnogougolniki\Mnogougolniki.csproj", "{47EBE7CC-18B6-44B9-96E4-EC639F31EEC1}"
EndProject
Project("{9A19103F-16F7-4668-BE54-9A1E7A4F7556}") = "Mnogougolniki.Desktop", "Mnogougolniki.Desktop\Mnogougolniki.Desktop.csproj", "{387B0855-261F-4605-8B20-39CD4591623B}"
EndProject
Global
	GlobalSection(SolutionConfigurationPlatforms) = preSolution
		Debug|Any CPU = Debug|Any CPU
		Release|Any CPU = Release|Any CPU
	EndGlobalSection
	GlobalSection(ProjectConfigurationPlatforms) = postSolution
		{47EBE7CC-18B6-44B9-96E4-EC639F31EEC1}.Debug|Any CPU.ActiveCfg = Debug|Any CPU
		{47EBE7CC-18B6-44B9-96E4-EC639F31EEC1}.Debug|Any CPU.Build.0 = Debug|Any CPU
		{47EBE7CC-18B6-44B9-96E4-EC639F31EEC1}.Release|Any CPU.ActiveCfg = Release|Any CPU
		{47EBE7CC-18B6-44B9-96E4-EC639F31EEC1}.Release|Any CPU.Build.0 = Release|Any CPU
		{387B0855-261F-4605-8B20-39CD4591623B}.Debug|Any CPU.ActiveCfg = Debug|Any CPU
		{387B0855-261F-4605-8B20-39CD4591623B}.Debug|Any CPU.Build.0 = Debug|Any CPU
		{387B0855-261F-4605-8B20-39CD4591623B}.Release|Any CPU.ActiveCfg = Release|Any CPU
		{387B0855-261F-4605-8B20-39CD4591623B}.Release|Any CPU.Build.0 = Release|Any CPU
	EndGlobalSection
	GlobalSection(SolutionProperties) = preSolution
		HideSolutionNode = FALSE
	EndGlobalSection
	GlobalSection(ExtensibilityGlobals) = postSolution
		SolutionGuid = {E23714D6-FEF3-4E69-BE0B-DDD0991A6840}
	EndGlobalSection
EndGlobal
